
Microsoft Visual Studio Solution File, Format Version 12.00
# Visual Studio Version 16
VisualStudioVersion = 16.0.34031.81
MinimumVisualStudioVersion = 10.0.40219.1
Project("{FAE04EC0-301F-11D3-BF4B-00C04F79EFBC}") = "Problema aumento", "Problema aumento\Problema aumento.csproj", "{26AC64DD-6B49-418B-BFAE-5EC1B4B63F7E}"
EndProject
Global
	GlobalSection(SolutionConfigurationPlatforms) = preSolution
		Debug|Any CPU = Debug|Any CPU
		Release|Any CPU = Release|Any CPU
	EndGlobalSection
	GlobalSection(ProjectConfigurationPlatforms) = postSolution
		{26AC64DD-6B49-418B-BFAE-5EC1B4B63F7E}.Debug|Any CPU.ActiveCfg = Debug|Any CPU
		{26AC64DD-6B49-418B-BFAE-5EC1B4B63F7E}.Debug|Any CPU.Build.0 = Debug|Any CPU
		{26AC64DD-6B49-418B-BFAE-5EC1B4B63F7E}.Release|Any CPU.ActiveCfg = Release|Any CPU
		{26AC64DD-6B49-418B-BFAE-5EC1B4B63F7E}.Release|Any CPU.Build.0 = Release|Any CPU
	EndGlobalSection
	GlobalSection(SolutionProperties) = preSolution
		HideSolutionNode = FALSE
	EndGlobalSection
	GlobalSection(ExtensibilityGlobals) = postSolution
		SolutionGuid = {927ED845-DC3E-4668-9992-6FBB7A072662}
	EndGlobalSection
EndGlobal
